// !$*UTF8*$!
{
	archiveVersion = 1;
	classes = {
	};
	objectVersion = 55;
	objects = {

/* Begin PBXBuildFile section */
		4072F4500C08A515F64FB721 /* AppDelegate.swift in Sources */ = {isa = PBXBuildFile; fileRef = 3C11FF13F96F4620F9AD65B9 /* AppDelegate.swift */; };
		5CCCB587F48C30E9C10C47A5 /* ViewController.swift in Sources */ = {isa = PBXBuildFile; fileRef = A34235C55715F62106D799BA /* ViewController.swift */; };
		630FC97C20489C8848784E79 /* Assets.xcassets in Resources */ = {isa = PBXBuildFile; fileRef = 9A38501C59388FBC6755751A /* Assets.xcassets */; };
		81E08171DFC993B6ADFEB90F /* TuistPlists+MdEditor.swift in Sources */ = {isa = PBXBuildFile; fileRef = 747CB8A595F7004B6DF4BB74 /* TuistPlists+MdEditor.swift */; };
		9D69AE6C717342F211CFBFE8 /* Main.storyboard in Resources */ = {isa = PBXBuildFile; fileRef = 08704DAD45EC15E4C8E59634 /* Main.storyboard */; };
		BEC23EA9B5A4DB3BE6B37DF3 /* TuistBundle+MdEditor.swift in Sources */ = {isa = PBXBuildFile; fileRef = 7A2403A60D9C04A9B69F4E91 /* TuistBundle+MdEditor.swift */; };
		D676665AF62EEA53A8798934 /* SceneDelegate.swift in Sources */ = {isa = PBXBuildFile; fileRef = 61786CE84D6B855603FC7885 /* SceneDelegate.swift */; };
		DE7F3C3E85F68C0E7C37AFB8 /* TuistAssets+MdEditor.swift in Sources */ = {isa = PBXBuildFile; fileRef = 1D87091298DB701E4F355968 /* TuistAssets+MdEditor.swift */; };
		E57CBECA17CCB51C1C41879A /* LaunchScreen.storyboard in Resources */ = {isa = PBXBuildFile; fileRef = 327E96F7575455E800712E4D /* LaunchScreen.storyboard */; };
/* End PBXBuildFile section */

/* Begin PBXContainerItemProxy section */
		B23F7B2E14383D99F4643C78 /* PBXContainerItemProxy */ = {
			isa = PBXContainerItemProxy;
			containerPortal = E693A0CAA1C8ABB1BE877E1A /* Project object */;
			proxyType = 1;
			remoteGlobalIDString = B12261ADE8C3DE99CD8180AC;
			remoteInfo = mdEditor;
		};
/* End PBXContainerItemProxy section */

/* Begin PBXCopyFilesBuildPhase section */
		43731AD700E79C722D430797 /* Embed Frameworks */ = {
			isa = PBXCopyFilesBuildPhase;
			buildActionMask = 2147483647;
			dstPath = "";
			dstSubfolderSpec = 10;
			files = (
			);
			name = "Embed Frameworks";
			runOnlyForDeploymentPostprocessing = 0;
		};
		ACE819FF76BEED67FA3D2DF9 /* Embed Frameworks */ = {
			isa = PBXCopyFilesBuildPhase;
			buildActionMask = 2147483647;
			dstPath = "";
			dstSubfolderSpec = 10;
			files = (
			);
			name = "Embed Frameworks";
			runOnlyForDeploymentPostprocessing = 0;
		};
/* End PBXCopyFilesBuildPhase section */

/* Begin PBXFileReference section */
		069451BC22799E2512E308C0 /* Info.plist */ = {isa = PBXFileReference; lastKnownFileType = text.plist; path = Info.plist; sourceTree = "<group>"; };
		1D87091298DB701E4F355968 /* TuistAssets+MdEditor.swift */ = {isa = PBXFileReference; lastKnownFileType = sourcecode.swift; path = "TuistAssets+MdEditor.swift"; sourceTree = "<group>"; };
		3C11FF13F96F4620F9AD65B9 /* AppDelegate.swift */ = {isa = PBXFileReference; lastKnownFileType = sourcecode.swift; path = AppDelegate.swift; sourceTree = "<group>"; };
		4D63AFF7CEC7C5246315F3DB /* mdEditorTests.xctest */ = {isa = PBXFileReference; explicitFileType = wrapper.cfbundle; includeInIndex = 0; path = mdEditorTests.xctest; sourceTree = BUILT_PRODUCTS_DIR; };
		59BD2A32E7D3720843C37305 /* mdEditor.app */ = {isa = PBXFileReference; explicitFileType = wrapper.application; includeInIndex = 0; path = mdEditor.app; sourceTree = BUILT_PRODUCTS_DIR; };
		61786CE84D6B855603FC7885 /* SceneDelegate.swift */ = {isa = PBXFileReference; lastKnownFileType = sourcecode.swift; path = SceneDelegate.swift; sourceTree = "<group>"; };
		747CB8A595F7004B6DF4BB74 /* TuistPlists+MdEditor.swift */ = {isa = PBXFileReference; lastKnownFileType = sourcecode.swift; path = "TuistPlists+MdEditor.swift"; sourceTree = "<group>"; };
		7A2403A60D9C04A9B69F4E91 /* TuistBundle+MdEditor.swift */ = {isa = PBXFileReference; lastKnownFileType = sourcecode.swift; path = "TuistBundle+MdEditor.swift"; sourceTree = "<group>"; };
		9A38501C59388FBC6755751A /* Assets.xcassets */ = {isa = PBXFileReference; lastKnownFileType = folder.assetcatalog; path = Assets.xcassets; sourceTree = "<group>"; };
		A34235C55715F62106D799BA /* ViewController.swift */ = {isa = PBXFileReference; lastKnownFileType = sourcecode.swift; path = ViewController.swift; sourceTree = "<group>"; };
		A4F49E453C7C8CE9810CD910 /* Base */ = {isa = PBXFileReference; lastKnownFileType = file.storyboard; name = Base; path = Base.lproj/Main.storyboard; sourceTree = "<group>"; };
		D6A70FDB7080740F5B75D8FD /* Base */ = {isa = PBXFileReference; lastKnownFileType = file.storyboard; name = Base; path = Base.lproj/LaunchScreen.storyboard; sourceTree = "<group>"; };
/* End PBXFileReference section */

/* Begin PBXFrameworksBuildPhase section */
		1EDA8311BECC06A449855F73 /* Frameworks */ = {
			isa = PBXFrameworksBuildPhase;
			buildActionMask = 2147483647;
			files = (
			);
			runOnlyForDeploymentPostprocessing = 0;
		};
		8E44AE70CD97339FC914721D /* Frameworks */ = {
			isa = PBXFrameworksBuildPhase;
			buildActionMask = 2147483647;
			files = (
			);
			runOnlyForDeploymentPostprocessing = 0;
		};
/* End PBXFrameworksBuildPhase section */

/* Begin PBXGroup section */
		043F82993F320D96E2F3F4E0 /* Sources */ = {
			isa = PBXGroup;
			children = (
				1D87091298DB701E4F355968 /* TuistAssets+MdEditor.swift */,
				7A2403A60D9C04A9B69F4E91 /* TuistBundle+MdEditor.swift */,
				747CB8A595F7004B6DF4BB74 /* TuistPlists+MdEditor.swift */,
			);
			path = Sources;
			sourceTree = "<group>";
		};
		256221703606C9928087A497 /* Derived */ = {
			isa = PBXGroup;
			children = (
				043F82993F320D96E2F3F4E0 /* Sources */,
			);
			path = Derived;
			sourceTree = "<group>";
		};
		51E4D075DDE51DB2ACAE9FB3 = {
			isa = PBXGroup;
			children = (
				6C909F4469783EA5AE098177 /* Project */,
				A082D37C55E752AD699A42E2 /* Frameworks */,
				605C8A59E9C52EE4D66698AA /* Products */,
			);
			sourceTree = "<group>";
		};
		605C8A59E9C52EE4D66698AA /* Products */ = {
			isa = PBXGroup;
			children = (
				59BD2A32E7D3720843C37305 /* mdEditor.app */,
				4D63AFF7CEC7C5246315F3DB /* mdEditorTests.xctest */,
			);
			name = Products;
			sourceTree = "<group>";
		};
		6C909F4469783EA5AE098177 /* Project */ = {
			isa = PBXGroup;
			children = (
				256221703606C9928087A497 /* Derived */,
				764A996F0FBBF031385B3A50 /* Resources */,
				D7A04E4B8D5CAB0C6227B30C /* Sources */,
			);
			name = Project;
			sourceTree = "<group>";
		};
		764A996F0FBBF031385B3A50 /* Resources */ = {
			isa = PBXGroup;
			children = (
				327E96F7575455E800712E4D /* LaunchScreen.storyboard */,
				08704DAD45EC15E4C8E59634 /* Main.storyboard */,
				9A38501C59388FBC6755751A /* Assets.xcassets */,
				069451BC22799E2512E308C0 /* Info.plist */,
			);
			path = Resources;
			sourceTree = "<group>";
		};
		A082D37C55E752AD699A42E2 /* Frameworks */ = {
			isa = PBXGroup;
			children = (
			);
			name = Frameworks;
			sourceTree = "<group>";
		};
		D7A04E4B8D5CAB0C6227B30C /* Sources */ = {
			isa = PBXGroup;
			children = (
				3C11FF13F96F4620F9AD65B9 /* AppDelegate.swift */,
				61786CE84D6B855603FC7885 /* SceneDelegate.swift */,
				A34235C55715F62106D799BA /* ViewController.swift */,
			);
			path = Sources;
			sourceTree = "<group>";
		};
/* End PBXGroup section */

/* Begin PBXNativeTarget section */
		76DC9092DFCDFF03FDF54874 /* mdEditorTests */ = {
			isa = PBXNativeTarget;
			buildConfigurationList = C8B428C447EF18C7579CAC75 /* Build configuration list for PBXNativeTarget "mdEditorTests" */;
			buildPhases = (
				E16ACD371C6C4CF1092308EF /* Sources */,
				7261CBF07E1C9AFAC7626D9A /* Resources */,
				43731AD700E79C722D430797 /* Embed Frameworks */,
				1EDA8311BECC06A449855F73 /* Frameworks */,
			);
			buildRules = (
			);
			dependencies = (
				2EE760F604C7CF7AD0559BFA /* PBXTargetDependency */,
			);
			name = mdEditorTests;
			productName = mdEditorTests;
			productReference = 4D63AFF7CEC7C5246315F3DB /* mdEditorTests.xctest */;
			productType = "com.apple.product-type.bundle.unit-test";
		};
		B12261ADE8C3DE99CD8180AC /* mdEditor */ = {
			isa = PBXNativeTarget;
			buildConfigurationList = DCA4269B3ADC7EA29AD75D77 /* Build configuration list for PBXNativeTarget "mdEditor" */;
			buildPhases = (
				6EA891147BC11C95C6370513 /* SwiftLint */,
				E5F93A5B6396C581DBE46AD1 /* Sources */,
				0C9D722C6533551539464AB4 /* Resources */,
				ACE819FF76BEED67FA3D2DF9 /* Embed Frameworks */,
				8E44AE70CD97339FC914721D /* Frameworks */,
			);
			buildRules = (
			);
			dependencies = (
			);
			name = mdEditor;
			productName = mdEditor;
			productReference = 59BD2A32E7D3720843C37305 /* mdEditor.app */;
			productType = "com.apple.product-type.application";
		};
/* End PBXNativeTarget section */

/* Begin PBXProject section */
		E693A0CAA1C8ABB1BE877E1A /* Project object */ = {
			isa = PBXProject;
			attributes = {
				BuildIndependentTargetsInParallel = YES;
				LastUpgradeCheck = 1540;
				ORGANIZATIONNAME = SeeFood;
				TargetAttributes = {
					76DC9092DFCDFF03FDF54874 = {
						TestTargetID = B12261ADE8C3DE99CD8180AC;
					};
				};
			};
			buildConfigurationList = E2160453F81FB100948D013C /* Build configuration list for PBXProject "mdEditor" */;
			compatibilityVersion = "Xcode 13.0";
			developmentRegion = en;
			hasScannedForEncodings = 0;
			knownRegions = (
				Base,
				en,
			);
			mainGroup = 51E4D075DDE51DB2ACAE9FB3;
			productRefGroup = 605C8A59E9C52EE4D66698AA /* Products */;
			projectDirPath = "";
			projectRoot = "";
			targets = (
				B12261ADE8C3DE99CD8180AC /* mdEditor */,
				76DC9092DFCDFF03FDF54874 /* mdEditorTests */,
			);
		};
/* End PBXProject section */

/* Begin PBXResourcesBuildPhase section */
		0C9D722C6533551539464AB4 /* Resources */ = {
			isa = PBXResourcesBuildPhase;
			buildActionMask = 2147483647;
			files = (
				630FC97C20489C8848784E79 /* Assets.xcassets in Resources */,
				E57CBECA17CCB51C1C41879A /* LaunchScreen.storyboard in Resources */,
				9D69AE6C717342F211CFBFE8 /* Main.storyboard in Resources */,
			);
			runOnlyForDeploymentPostprocessing = 0;
		};
		7261CBF07E1C9AFAC7626D9A /* Resources */ = {
			isa = PBXResourcesBuildPhase;
			buildActionMask = 2147483647;
			files = (
			);
			runOnlyForDeploymentPostprocessing = 0;
		};
/* End PBXResourcesBuildPhase section */

/* Begin PBXShellScriptBuildPhase section */
		6EA891147BC11C95C6370513 /* SwiftLint */ = {
			isa = PBXShellScriptBuildPhase;
			alwaysOutOfDate = 1;
			buildActionMask = 12;
			files = (
			);
			inputFileListPaths = (
			);
			inputPaths = (
			);
			name = SwiftLint;
			outputFileListPaths = (
			);
			outputPaths = (
			);
			runOnlyForDeploymentPostprocessing = 0;
			shellPath = /bin/sh;
			shellScript = "export PATH=\"$PATH:/opt/homebrew/bin\"\nif which swiftlint > /dev/null; then\n\tswiftlint\nelse\n\techo \"warning: Swiftlint not installed, download from https://github.com/realm/SwiftLint\"\n\texit 1\nfi\n";
		};
/* End PBXShellScriptBuildPhase section */

/* Begin PBXSourcesBuildPhase section */
		E16ACD371C6C4CF1092308EF /* Sources */ = {
			isa = PBXSourcesBuildPhase;
			buildActionMask = 2147483647;
			files = (
			);
			runOnlyForDeploymentPostprocessing = 0;
		};
		E5F93A5B6396C581DBE46AD1 /* Sources */ = {
			isa = PBXSourcesBuildPhase;
			buildActionMask = 2147483647;
			files = (
				DE7F3C3E85F68C0E7C37AFB8 /* TuistAssets+MdEditor.swift in Sources */,
				BEC23EA9B5A4DB3BE6B37DF3 /* TuistBundle+MdEditor.swift in Sources */,
				81E08171DFC993B6ADFEB90F /* TuistPlists+MdEditor.swift in Sources */,
				4072F4500C08A515F64FB721 /* AppDelegate.swift in Sources */,
				D676665AF62EEA53A8798934 /* SceneDelegate.swift in Sources */,
				5CCCB587F48C30E9C10C47A5 /* ViewController.swift in Sources */,
			);
			runOnlyForDeploymentPostprocessing = 0;
		};
/* End PBXSourcesBuildPhase section */

/* Begin PBXTargetDependency section */
		2EE760F604C7CF7AD0559BFA /* PBXTargetDependency */ = {
			isa = PBXTargetDependency;
			name = mdEditor;
			target = B12261ADE8C3DE99CD8180AC /* mdEditor */;
			targetProxy = B23F7B2E14383D99F4643C78 /* PBXContainerItemProxy */;
		};
/* End PBXTargetDependency section */

/* Begin PBXVariantGroup section */
		08704DAD45EC15E4C8E59634 /* Main.storyboard */ = {
			isa = PBXVariantGroup;
			children = (
				A4F49E453C7C8CE9810CD910 /* Base */,
			);
			name = Main.storyboard;
			sourceTree = "<group>";
		};
		327E96F7575455E800712E4D /* LaunchScreen.storyboard */ = {
			isa = PBXVariantGroup;
			children = (
				D6A70FDB7080740F5B75D8FD /* Base */,
			);
			name = LaunchScreen.storyboard;
			sourceTree = "<group>";
		};
/* End PBXVariantGroup section */

/* Begin XCBuildConfiguration section */
		279B5ED07D2D865A66FFE502 /* Debug */ = {
			isa = XCBuildConfiguration;
			buildSettings = {
				ASSETCATALOG_COMPILER_APPICON_NAME = AppIcon;
				CODE_SIGN_IDENTITY = "iPhone Developer";
				DEVELOPMENT_TEAM = F4DM4RJXGM;
				ENABLE_PREVIEWS = YES;
				INFOPLIST_FILE = Resources/Info.plist;
				LD_RUNPATH_SEARCH_PATHS = (
					"$(inherited)",
					"@executable_path/Frameworks",
				);
				PRODUCT_BUNDLE_IDENTIFIER = mdEditor;
				PRODUCT_NAME = mdEditor;
				SDKROOT = iphoneos;
				SWIFT_ACTIVE_COMPILATION_CONDITIONS = DEBUG;
				SWIFT_COMPILATION_MODE = singlefile;
				SWIFT_OPTIMIZATION_LEVEL = "-Onone";
				SWIFT_VERSION = 5.0;
				TARGETED_DEVICE_FAMILY = "1,2";
			};
			name = Debug;
		};
		351C8FAFB1B74FA7785D7405 /* Debug */ = {
			isa = XCBuildConfiguration;
			buildSettings = {
				BUNDLE_LOADER = "$(TEST_HOST)";
				CODE_SIGN_IDENTITY = "iPhone Developer";
				INFOPLIST_FILE = Resources/Info.plist;
				LD_RUNPATH_SEARCH_PATHS = (
					"$(inherited)",
					"@executable_path/Frameworks",
					"@loader_path/Frameworks",
				);
				PRODUCT_BUNDLE_IDENTIFIER = mdEditorTests;
				PRODUCT_NAME = mdEditorTests;
				SDKROOT = iphoneos;
				SWIFT_ACTIVE_COMPILATION_CONDITIONS = DEBUG;
				SWIFT_COMPILATION_MODE = singlefile;
				SWIFT_OPTIMIZATION_LEVEL = "-Onone";
				SWIFT_VERSION = 5.0;
				TARGETED_DEVICE_FAMILY = "1,2";
				TEST_HOST = "$(BUILT_PRODUCTS_DIR)/mdEditor.app/mdEditor";
				TEST_TARGET_NAME = mdEditor;
			};
			name = Debug;
		};
		388124BDDDB8B32CDEDE8C1D /* Release */ = {
			isa = XCBuildConfiguration;
			buildSettings = {
				BUNDLE_LOADER = "$(TEST_HOST)";
				CODE_SIGN_IDENTITY = "iPhone Developer";
				INFOPLIST_FILE = Resources/Info.plist;
				LD_RUNPATH_SEARCH_PATHS = (
					"$(inherited)",
					"@executable_path/Frameworks",
					"@loader_path/Frameworks",
				);
				PRODUCT_BUNDLE_IDENTIFIER = mdEditorTests;
				PRODUCT_NAME = mdEditorTests;
				SDKROOT = iphoneos;
				SWIFT_COMPILATION_MODE = wholemodule;
				SWIFT_OPTIMIZATION_LEVEL = "-Owholemodule";
				SWIFT_VERSION = 5.0;
				TARGETED_DEVICE_FAMILY = "1,2";
				TEST_HOST = "$(BUILT_PRODUCTS_DIR)/mdEditor.app/mdEditor";
				TEST_TARGET_NAME = mdEditor;
			};
			name = Release;
		};
		509A4B2F9F7EF104CC35478C /* Debug */ = {
			isa = XCBuildConfiguration;
			buildSettings = {
				ALWAYS_SEARCH_USER_PATHS = NO;
				CLANG_ANALYZER_LOCALIZABILITY_NONLOCALIZED = YES;
				CLANG_ANALYZER_NONNULL = YES;
				CLANG_ANALYZER_NUMBER_OBJECT_CONVERSION = YES_AGGRESSIVE;
				CLANG_CXX_LANGUAGE_STANDARD = "gnu++14";
				CLANG_CXX_LIBRARY = "libc++";
				CLANG_ENABLE_MODULES = YES;
				CLANG_ENABLE_OBJC_ARC = YES;
				CLANG_ENABLE_OBJC_WEAK = YES;
				CLANG_WARN_BLOCK_CAPTURE_AUTORELEASING = YES;
				CLANG_WARN_BOOL_CONVERSION = YES;
				CLANG_WARN_COMMA = YES;
				CLANG_WARN_CONSTANT_CONVERSION = YES;
				CLANG_WARN_DEPRECATED_OBJC_IMPLEMENTATIONS = YES;
				CLANG_WARN_DIRECT_OBJC_ISA_USAGE = YES_ERROR;
				CLANG_WARN_DOCUMENTATION_COMMENTS = YES;
				CLANG_WARN_EMPTY_BODY = YES;
				CLANG_WARN_ENUM_CONVERSION = YES;
				CLANG_WARN_INFINITE_RECURSION = YES;
				CLANG_WARN_INT_CONVERSION = YES;
				CLANG_WARN_NON_LITERAL_NULL_CONVERSION = YES;
				CLANG_WARN_OBJC_IMPLICIT_RETAIN_SELF = YES;
				CLANG_WARN_OBJC_LITERAL_CONVERSION = YES;
				CLANG_WARN_OBJC_ROOT_CLASS = YES_ERROR;
				CLANG_WARN_QUOTED_INCLUDE_IN_FRAMEWORK_HEADER = YES;
				CLANG_WARN_RANGE_LOOP_ANALYSIS = YES;
				CLANG_WARN_STRICT_PROTOTYPES = YES;
				CLANG_WARN_SUSPICIOUS_MOVE = YES;
				CLANG_WARN_UNGUARDED_AVAILABILITY = YES_AGGRESSIVE;
				CLANG_WARN_UNREACHABLE_CODE = YES;
				CLANG_WARN__DUPLICATE_METHOD_MATCH = YES;
				COPY_PHASE_STRIP = NO;
				DEAD_CODE_STRIPPING = YES;
				DEBUG_INFORMATION_FORMAT = dwarf;
				ENABLE_STRICT_OBJC_MSGSEND = YES;
				ENABLE_TESTABILITY = YES;
				ENABLE_USER_SCRIPT_SANDBOXING = YES;
				GCC_C_LANGUAGE_STANDARD = gnu11;
				GCC_DYNAMIC_NO_PIC = NO;
				GCC_NO_COMMON_BLOCKS = YES;
				GCC_OPTIMIZATION_LEVEL = 0;
				GCC_PREPROCESSOR_DEFINITIONS = (
					"DEBUG=1",
					"$(inherited)",
				);
				GCC_WARN_64_TO_32_BIT_CONVERSION = YES;
				GCC_WARN_ABOUT_RETURN_TYPE = YES_ERROR;
				GCC_WARN_UNDECLARED_SELECTOR = YES;
				GCC_WARN_UNINITIALIZED_AUTOS = YES_AGGRESSIVE;
				GCC_WARN_UNUSED_FUNCTION = YES;
				GCC_WARN_UNUSED_VARIABLE = YES;
				MTL_ENABLE_DEBUG_INFO = YES;
				ONLY_ACTIVE_ARCH = YES;
				PRODUCT_NAME = "$(TARGET_NAME)";
			};
			name = Debug;
		};
		C095E131F7A1E277B55EAC74 /* Release */ = {
			isa = XCBuildConfiguration;
			buildSettings = {
				ALWAYS_SEARCH_USER_PATHS = NO;
				CLANG_ANALYZER_LOCALIZABILITY_NONLOCALIZED = YES;
				CLANG_ANALYZER_NONNULL = YES;
				CLANG_ANALYZER_NUMBER_OBJECT_CONVERSION = YES_AGGRESSIVE;
				CLANG_CXX_LANGUAGE_STANDARD = "gnu++14";
				CLANG_CXX_LIBRARY = "libc++";
				CLANG_ENABLE_MODULES = YES;
				CLANG_ENABLE_OBJC_ARC = YES;
				CLANG_ENABLE_OBJC_WEAK = YES;
				CLANG_WARN_BLOCK_CAPTURE_AUTORELEASING = YES;
				CLANG_WARN_BOOL_CONVERSION = YES;
				CLANG_WARN_COMMA = YES;
				CLANG_WARN_CONSTANT_CONVERSION = YES;
				CLANG_WARN_DEPRECATED_OBJC_IMPLEMENTATIONS = YES;
				CLANG_WARN_DIRECT_OBJC_ISA_USAGE = YES_ERROR;
				CLANG_WARN_DOCUMENTATION_COMMENTS = YES;
				CLANG_WARN_EMPTY_BODY = YES;
				CLANG_WARN_ENUM_CONVERSION = YES;
				CLANG_WARN_INFINITE_RECURSION = YES;
				CLANG_WARN_INT_CONVERSION = YES;
				CLANG_WARN_NON_LITERAL_NULL_CONVERSION = YES;
				CLANG_WARN_OBJC_IMPLICIT_RETAIN_SELF = YES;
				CLANG_WARN_OBJC_LITERAL_CONVERSION = YES;
				CLANG_WARN_OBJC_ROOT_CLASS = YES_ERROR;
				CLANG_WARN_QUOTED_INCLUDE_IN_FRAMEWORK_HEADER = YES;
				CLANG_WARN_RANGE_LOOP_ANALYSIS = YES;
				CLANG_WARN_STRICT_PROTOTYPES = YES;
				CLANG_WARN_SUSPICIOUS_MOVE = YES;
				CLANG_WARN_UNGUARDED_AVAILABILITY = YES_AGGRESSIVE;
				CLANG_WARN_UNREACHABLE_CODE = YES;
				CLANG_WARN__DUPLICATE_METHOD_MATCH = YES;
				COPY_PHASE_STRIP = NO;
				DEAD_CODE_STRIPPING = YES;
				DEBUG_INFORMATION_FORMAT = "dwarf-with-dsym";
				ENABLE_NS_ASSERTIONS = NO;
				ENABLE_STRICT_OBJC_MSGSEND = YES;
				ENABLE_USER_SCRIPT_SANDBOXING = YES;
				GCC_C_LANGUAGE_STANDARD = gnu11;
				GCC_NO_COMMON_BLOCKS = YES;
				GCC_WARN_64_TO_32_BIT_CONVERSION = YES;
				GCC_WARN_ABOUT_RETURN_TYPE = YES_ERROR;
				GCC_WARN_UNDECLARED_SELECTOR = YES;
				GCC_WARN_UNINITIALIZED_AUTOS = YES_AGGRESSIVE;
				GCC_WARN_UNUSED_FUNCTION = YES;
				GCC_WARN_UNUSED_VARIABLE = YES;
				MTL_ENABLE_DEBUG_INFO = NO;
				PRODUCT_NAME = "$(TARGET_NAME)";
				VALIDATE_PRODUCT = YES;
			};
			name = Release;
		};
		FAA7725FC4F0340B97D03B6F /* Release */ = {
			isa = XCBuildConfiguration;
			buildSettings = {
				ASSETCATALOG_COMPILER_APPICON_NAME = AppIcon;
				CODE_SIGN_IDENTITY = "iPhone Developer";
				DEVELOPMENT_TEAM = F4DM4RJXGM;
				ENABLE_PREVIEWS = YES;
				INFOPLIST_FILE = Resources/Info.plist;
				LD_RUNPATH_SEARCH_PATHS = (
					"$(inherited)",
					"@executable_path/Frameworks",
				);
				PRODUCT_BUNDLE_IDENTIFIER = mdEditor;
				PRODUCT_NAME = mdEditor;
				SDKROOT = iphoneos;
				SWIFT_COMPILATION_MODE = wholemodule;
				SWIFT_OPTIMIZATION_LEVEL = "-Owholemodule";
				SWIFT_VERSION = 5.0;
				TARGETED_DEVICE_FAMILY = "1,2";
			};
			name = Release;
		};
/* End XCBuildConfiguration section */

/* Begin XCConfigurationList section */
		C8B428C447EF18C7579CAC75 /* Build configuration list for PBXNativeTarget "mdEditorTests" */ = {
			isa = XCConfigurationList;
			buildConfigurations = (
				351C8FAFB1B74FA7785D7405 /* Debug */,
				388124BDDDB8B32CDEDE8C1D /* Release */,
			);
			defaultConfigurationIsVisible = 0;
			defaultConfigurationName = Release;
		};
		DCA4269B3ADC7EA29AD75D77 /* Build configuration list for PBXNativeTarget "mdEditor" */ = {
			isa = XCConfigurationList;
			buildConfigurations = (
				279B5ED07D2D865A66FFE502 /* Debug */,
				FAA7725FC4F0340B97D03B6F /* Release */,
			);
			defaultConfigurationIsVisible = 0;
			defaultConfigurationName = Release;
		};
		E2160453F81FB100948D013C /* Build configuration list for PBXProject "mdEditor" */ = {
			isa = XCConfigurationList;
			buildConfigurations = (
				509A4B2F9F7EF104CC35478C /* Debug */,
				C095E131F7A1E277B55EAC74 /* Release */,
			);
			defaultConfigurationIsVisible = 0;
			defaultConfigurationName = Release;
		};
/* End XCConfigurationList section */
	};
	rootObject = E693A0CAA1C8ABB1BE877E1A /* Project object */;
}
